
Microsoft Visual Studio Solution File, Format Version 12.00
# Visual Studio Version 16
VisualStudioVersion = 16.0.30804.86
MinimumVisualStudioVersion = 10.0.40219.1
Project("{9A19103F-16F7-4668-BE54-9A1E7A4F7556}") = "client", "client\client.csproj", "{14A6D17B-8DDF-4BA0-A7CC-DF48099B8AD5}"
EndProject
Project("{9A19103F-16F7-4668-BE54-9A1E7A4F7556}") = "encryption", "..\encryption\encryption\encryption.csproj", "{372E8CFE-D40D-4162-AFA2-4D3F962A4E0F}"
EndProject
Global
	GlobalSection(SolutionConfigurationPlatforms) = preSolution
		Debug|Any CPU = Debug|Any CPU
		Release|Any CPU = Release|Any CPU
	EndGlobalSection
	GlobalSection(ProjectConfigurationPlatforms) = postSolution
		{14A6D17B-8DDF-4BA0-A7CC-DF48099B8AD5}.Debug|Any CPU.ActiveCfg = Debug|Any CPU
		{14A6D17B-8DDF-4BA0-A7CC-DF48099B8AD5}.Debug|Any CPU.Build.0 = Debug|Any CPU
		{14A6D17B-8DDF-4BA0-A7CC-DF48099B8AD5}.Release|Any CPU.ActiveCfg = Release|Any CPU
		{14A6D17B-8DDF-4BA0-A7CC-DF48099B8AD5}.Release|Any CPU.Build.0 = Release|Any CPU
		{372E8CFE-D40D-4162-AFA2-4D3F962A4E0F}.Debug|Any CPU.ActiveCfg = Debug|Any CPU
		{372E8CFE-D40D-4162-AFA2-4D3F962A4E0F}.Debug|Any CPU.Build.0 = Debug|Any CPU
		{372E8CFE-D40D-4162-AFA2-4D3F962A4E0F}.Release|Any CPU.ActiveCfg = Release|Any CPU
		{372E8CFE-D40D-4162-AFA2-4D3F962A4E0F}.Release|Any CPU.Build.0 = Release|Any CPU
	EndGlobalSection
	GlobalSection(SolutionProperties) = preSolution
		HideSolutionNode = FALSE
	EndGlobalSection
	GlobalSection(ExtensibilityGlobals) = postSolution
		SolutionGuid = {D8715C25-91AF-4EE5-A923-116F2A2675B4}
	EndGlobalSection
EndGlobal
