
Microsoft Visual Studio Solution File, Format Version 12.00
# Visual Studio Version 16
VisualStudioVersion = 16.0.30804.86
MinimumVisualStudioVersion = 10.0.40219.1
Project("{FAE04EC0-301F-11D3-BF4B-00C04F79EFBC}") = "encryption", "encryption\encryption.csproj", "{C76DA19C-ED90-4747-979E-318DFAF99151}"
EndProject
Global
	GlobalSection(SolutionConfigurationPlatforms) = preSolution
		Debug|Any CPU = Debug|Any CPU
		Release|Any CPU = Release|Any CPU
	EndGlobalSection
	GlobalSection(ProjectConfigurationPlatforms) = postSolution
		{C76DA19C-ED90-4747-979E-318DFAF99151}.Debug|Any CPU.ActiveCfg = Debug|Any CPU
		{C76DA19C-ED90-4747-979E-318DFAF99151}.Debug|Any CPU.Build.0 = Debug|Any CPU
		{C76DA19C-ED90-4747-979E-318DFAF99151}.Release|Any CPU.ActiveCfg = Release|Any CPU
		{C76DA19C-ED90-4747-979E-318DFAF99151}.Release|Any CPU.Build.0 = Release|Any CPU
	EndGlobalSection
	GlobalSection(SolutionProperties) = preSolution
		HideSolutionNode = FALSE
	EndGlobalSection
	GlobalSection(ExtensibilityGlobals) = postSolution
		SolutionGuid = {3437E2C5-60ED-4E71-A38C-88BCA48EE9D1}
	EndGlobalSection
EndGlobal
