
Microsoft Visual Studio Solution File, Format Version 12.00
# Visual Studio Version 16
VisualStudioVersion = 16.0.30804.86
MinimumVisualStudioVersion = 10.0.40219.1
Project("{9A19103F-16F7-4668-BE54-9A1E7A4F7556}") = "server", "server\server.csproj", "{AFB6228A-8FC9-4704-8AE0-706821768C7D}"
EndProject
Project("{9A19103F-16F7-4668-BE54-9A1E7A4F7556}") = "encryption", "..\encryption\encryption\encryption.csproj", "{88807A55-8918-4B37-AE02-62B2B5D39E03}"
EndProject
Global
	GlobalSection(SolutionConfigurationPlatforms) = preSolution
		Debug|Any CPU = Debug|Any CPU
		Release|Any CPU = Release|Any CPU
	EndGlobalSection
	GlobalSection(ProjectConfigurationPlatforms) = postSolution
		{AFB6228A-8FC9-4704-8AE0-706821768C7D}.Debug|Any CPU.ActiveCfg = Debug|Any CPU
		{AFB6228A-8FC9-4704-8AE0-706821768C7D}.Debug|Any CPU.Build.0 = Debug|Any CPU
		{AFB6228A-8FC9-4704-8AE0-706821768C7D}.Release|Any CPU.ActiveCfg = Release|Any CPU
		{AFB6228A-8FC9-4704-8AE0-706821768C7D}.Release|Any CPU.Build.0 = Release|Any CPU
		{88807A55-8918-4B37-AE02-62B2B5D39E03}.Debug|Any CPU.ActiveCfg = Debug|Any CPU
		{88807A55-8918-4B37-AE02-62B2B5D39E03}.Debug|Any CPU.Build.0 = Debug|Any CPU
		{88807A55-8918-4B37-AE02-62B2B5D39E03}.Release|Any CPU.ActiveCfg = Release|Any CPU
		{88807A55-8918-4B37-AE02-62B2B5D39E03}.Release|Any CPU.Build.0 = Release|Any CPU
	EndGlobalSection
	GlobalSection(SolutionProperties) = preSolution
		HideSolutionNode = FALSE
	EndGlobalSection
	GlobalSection(ExtensibilityGlobals) = postSolution
		SolutionGuid = {8ADCE7D0-FEF1-4E5F-8FBB-E2FD7CB388BC}
	EndGlobalSection
EndGlobal
